
Microsoft Visual Studio Solution File, Format Version 12.00
# Visual Studio Version 17
VisualStudioVersion = 17.1.32328.378
MinimumVisualStudioVersion = 10.0.40219.1
Project("{FAE04EC0-301F-11D3-BF4B-00C04F79EFBC}") = "AFNews", "AFNews\AFNews.csproj", "{D823609E-A586-4693-9442-161198E19542}"
EndProject
Global
	GlobalSection(SolutionConfigurationPlatforms) = preSolution
		Debug|Any CPU = Debug|Any CPU
		Release|Any CPU = Release|Any CPU
	EndGlobalSection
	GlobalSection(ProjectConfigurationPlatforms) = postSolution
		{D823609E-A586-4693-9442-161198E19542}.Debug|Any CPU.ActiveCfg = Debug|Any CPU
		{D823609E-A586-4693-9442-161198E19542}.Debug|Any CPU.Build.0 = Debug|Any CPU
		{D823609E-A586-4693-9442-161198E19542}.Release|Any CPU.ActiveCfg = Release|Any CPU
		{D823609E-A586-4693-9442-161198E19542}.Release|Any CPU.Build.0 = Release|Any CPU
	EndGlobalSection
	GlobalSection(SolutionProperties) = preSolution
		HideSolutionNode = FALSE
	EndGlobalSection
	GlobalSection(ExtensibilityGlobals) = postSolution
		SolutionGuid = {5287B70B-4BA4-4CFC-8641-04CC5F7C944F}
	EndGlobalSection
EndGlobal
